
Microsoft Visual Studio Solution File, Format Version 12.00
# Visual Studio Version 17
VisualStudioVersion = 17.1.32328.378
MinimumVisualStudioVersion = 10.0.40219.1
Project("{FAE04EC0-301F-11D3-BF4B-00C04F79EFBC}") = "pogoda", "pogoda\pogoda.csproj", "{F7F183CA-B27C-4939-8D29-8BFEA0762635}"
EndProject
Global
	GlobalSection(SolutionConfigurationPlatforms) = preSolution
		Debug|Any CPU = Debug|Any CPU
		Release|Any CPU = Release|Any CPU
	EndGlobalSection
	GlobalSection(ProjectConfigurationPlatforms) = postSolution
		{F7F183CA-B27C-4939-8D29-8BFEA0762635}.Debug|Any CPU.ActiveCfg = Debug|Any CPU
		{F7F183CA-B27C-4939-8D29-8BFEA0762635}.Debug|Any CPU.Build.0 = Debug|Any CPU
		{F7F183CA-B27C-4939-8D29-8BFEA0762635}.Release|Any CPU.ActiveCfg = Release|Any CPU
		{F7F183CA-B27C-4939-8D29-8BFEA0762635}.Release|Any CPU.Build.0 = Release|Any CPU
	EndGlobalSection
	GlobalSection(SolutionProperties) = preSolution
		HideSolutionNode = FALSE
	EndGlobalSection
	GlobalSection(ExtensibilityGlobals) = postSolution
		SolutionGuid = {2A86DB50-407C-48B4-A915-2FE04762ED9E}
	EndGlobalSection
EndGlobal
